
Microsoft Visual Studio Solution File, Format Version 12.00
# Visual Studio Version 16
VisualStudioVersion = 16.0.31729.503
MinimumVisualStudioVersion = 10.0.40219.1
Project("{9A19103F-16F7-4668-BE54-9A1E7A4F7556}") = "Prisma.Infrastructure", "Prisma.Infrastructure\Prisma.Infrastructure.csproj", "{27A6F362-1129-4F3D-BDF4-0176DD7CDE46}"
EndProject
Project("{9A19103F-16F7-4668-BE54-9A1E7A4F7556}") = "Prisma.Warehouse", "Prisma.Warehouse\Prisma.Warehouse.csproj", "{DD52D4EC-B26E-42F3-8AA5-83765B8B6B04}"
EndProject
Project("{9A19103F-16F7-4668-BE54-9A1E7A4F7556}") = "Prisma.Studio", "Prisma.Studio\Prisma.Studio.csproj", "{D20EE8A3-E440-462A-B75A-0F2D579DCCCC}"
EndProject
Project("{9A19103F-16F7-4668-BE54-9A1E7A4F7556}") = "Prisma", "Prisma\Prisma.csproj", "{43A76C66-D630-4BC0-A040-AD9608D797B5}"
EndProject
Global
	GlobalSection(SolutionConfigurationPlatforms) = preSolution
		Debug|Any CPU = Debug|Any CPU
		Release|Any CPU = Release|Any CPU
	EndGlobalSection
	GlobalSection(ProjectConfigurationPlatforms) = postSolution
		{27A6F362-1129-4F3D-BDF4-0176DD7CDE46}.Debug|Any CPU.ActiveCfg = Debug|Any CPU
		{27A6F362-1129-4F3D-BDF4-0176DD7CDE46}.Debug|Any CPU.Build.0 = Debug|Any CPU
		{27A6F362-1129-4F3D-BDF4-0176DD7CDE46}.Release|Any CPU.ActiveCfg = Release|Any CPU
		{27A6F362-1129-4F3D-BDF4-0176DD7CDE46}.Release|Any CPU.Build.0 = Release|Any CPU
		{DD52D4EC-B26E-42F3-8AA5-83765B8B6B04}.Debug|Any CPU.ActiveCfg = Debug|Any CPU
		{DD52D4EC-B26E-42F3-8AA5-83765B8B6B04}.Debug|Any CPU.Build.0 = Debug|Any CPU
		{DD52D4EC-B26E-42F3-8AA5-83765B8B6B04}.Release|Any CPU.ActiveCfg = Release|Any CPU
		{DD52D4EC-B26E-42F3-8AA5-83765B8B6B04}.Release|Any CPU.Build.0 = Release|Any CPU
		{D20EE8A3-E440-462A-B75A-0F2D579DCCCC}.Debug|Any CPU.ActiveCfg = Debug|Any CPU
		{D20EE8A3-E440-462A-B75A-0F2D579DCCCC}.Debug|Any CPU.Build.0 = Debug|Any CPU
		{D20EE8A3-E440-462A-B75A-0F2D579DCCCC}.Release|Any CPU.ActiveCfg = Release|Any CPU
		{D20EE8A3-E440-462A-B75A-0F2D579DCCCC}.Release|Any CPU.Build.0 = Release|Any CPU
		{43A76C66-D630-4BC0-A040-AD9608D797B5}.Debug|Any CPU.ActiveCfg = Debug|Any CPU
		{43A76C66-D630-4BC0-A040-AD9608D797B5}.Debug|Any CPU.Build.0 = Debug|Any CPU
		{43A76C66-D630-4BC0-A040-AD9608D797B5}.Release|Any CPU.ActiveCfg = Release|Any CPU
		{43A76C66-D630-4BC0-A040-AD9608D797B5}.Release|Any CPU.Build.0 = Release|Any CPU
	EndGlobalSection
	GlobalSection(SolutionProperties) = preSolution
		HideSolutionNode = FALSE
	EndGlobalSection
	GlobalSection(ExtensibilityGlobals) = postSolution
		SolutionGuid = {1BF42EF4-4CB1-4C1B-80A2-762D949D453F}
	EndGlobalSection
EndGlobal
